
Microsoft Visual Studio Solution File, Format Version 12.00
# Visual Studio Version 16
VisualStudioVersion = 16.0.30413.136
MinimumVisualStudioVersion = 10.0.40219.1
Project("{9A19103F-16F7-4668-BE54-9A1E7A4F7556}") = "Bitai.WebApi.Helpers", "src\WebApi.Helpers\Bitai.WebApi.Helpers.csproj", "{77F41548-10BC-422F-8DB1-516211DC31BB}"
EndProject
Global
	GlobalSection(SolutionConfigurationPlatforms) = preSolution
		Debug|Any CPU = Debug|Any CPU
		Release|Any CPU = Release|Any CPU
	EndGlobalSection
	GlobalSection(ProjectConfigurationPlatforms) = postSolution
		{77F41548-10BC-422F-8DB1-516211DC31BB}.Debug|Any CPU.ActiveCfg = Debug|Any CPU
		{77F41548-10BC-422F-8DB1-516211DC31BB}.Debug|Any CPU.Build.0 = Debug|Any CPU
		{77F41548-10BC-422F-8DB1-516211DC31BB}.Release|Any CPU.ActiveCfg = Release|Any CPU
		{77F41548-10BC-422F-8DB1-516211DC31BB}.Release|Any CPU.Build.0 = Release|Any CPU
	EndGlobalSection
	GlobalSection(SolutionProperties) = preSolution
		HideSolutionNode = FALSE
	EndGlobalSection
	GlobalSection(ExtensibilityGlobals) = postSolution
		SolutionGuid = {C3E4D8CD-7BED-429F-9B70-26D1A8B5D6E0}
	EndGlobalSection
EndGlobal
